
Microsoft Visual Studio Solution File, Format Version 12.00
# Visual Studio Version 17
VisualStudioVersion = 17.9.34622.214
MinimumVisualStudioVersion = 10.0.40219.1
Project("{FAE04EC0-301F-11D3-BF4B-00C04F79EFBC}") = "FOLDERBROWSERDİALOG1", "FOLDERBROWSERDİALOG1.csproj", "{A32AC371-12E1-446C-BCEA-3C617794032E}"
EndProject
Global
	GlobalSection(SolutionConfigurationPlatforms) = preSolution
		Debug|Any CPU = Debug|Any CPU
		Release|Any CPU = Release|Any CPU
	EndGlobalSection
	GlobalSection(ProjectConfigurationPlatforms) = postSolution
		{A32AC371-12E1-446C-BCEA-3C617794032E}.Debug|Any CPU.ActiveCfg = Debug|Any CPU
		{A32AC371-12E1-446C-BCEA-3C617794032E}.Debug|Any CPU.Build.0 = Debug|Any CPU
		{A32AC371-12E1-446C-BCEA-3C617794032E}.Release|Any CPU.ActiveCfg = Release|Any CPU
		{A32AC371-12E1-446C-BCEA-3C617794032E}.Release|Any CPU.Build.0 = Release|Any CPU
	EndGlobalSection
	GlobalSection(SolutionProperties) = preSolution
		HideSolutionNode = FALSE
	EndGlobalSection
	GlobalSection(ExtensibilityGlobals) = postSolution
		SolutionGuid = {BFD6C650-8239-406B-A93F-00A307FAAE0A}
	EndGlobalSection
EndGlobal
